<?xml version="1.0" encoding="utf-8"?>
<Project ToolsVersion="4.0" xmlns="http://schemas.microsoft.com/developer/msbuild/2003">
  <ItemGroup>
    <Filter Include="Source Files">
      <UniqueIdentifier>{4FC737F1-C7A5-4376-A066-2A32D752A2FF}</UniqueIdentifier>
      <Extensions>cpp;c;cc;cxx;def;odl;idl;hpj;bat;asm;asmx</Extensions>
    </Filter>
    <Filter Include="Header Files">
      <UniqueIdentifier>{93995380-89BD-4b04-88EB-625FBE52EBFB}</UniqueIdentifier>
      <Extensions>h;hh;hpp;hxx;hm;inl;inc;ipp;xsd</Extensions>
    </Filter>
    <Filter Include="Resource Files">
      <UniqueIdentifier>{67DA6AB6-F800-4c08-8B7A-83BB121AAD01}</UniqueIdentifier>
      <Extensions>rc;ico;cur;bmp;dlg;rc2;rct;bin;rgs;gif;jpg;jpeg;jpe;resx;tiff;tif;png;wav;mfcribbon-ms</Extensions>
    </Filter>
    <Filter Include="Header Files\helpers">
      <UniqueIdentifier>{b8ba388b-ce54-4434-8b8e-d9d4c3dcf175}</UniqueIdentifier>
    </Filter>
    <Filter Include="Header Files\imgui">
      <UniqueIdentifier>{cf45e34f-4596-44ba-823b-63c26ebd6862}</UniqueIdentifier>
    </Filter>
    <Filter Include="Source Files\imgui">
      <UniqueIdentifier>{b1e755cb-4eab-4c9e-a18b-35cd284c827f}</UniqueIdentifier>
    </Filter>
    <Filter Include="Source Files\utility">
      <UniqueIdentifier>{22f78496-57c6-4ef7-98d1-671d618dc75a}</UniqueIdentifier>
    </Filter>
    <Filter Include="Header Files\world">
      <UniqueIdentifier>{41f5ef05-3ad2-4a52-b634-ab2d21b9cddc}</UniqueIdentifier>
    </Filter>
  </ItemGroup>
  <ItemGroup>
    <ClInclude Include="TinyEngine.h">
      <Filter>Header Files</Filter>
    </ClInclude>
    <ClInclude Include="include\helpers\color.h">
      <Filter>Header Files\helpers</Filter>
    </ClInclude>
    <ClInclude Include="include\helpers\draw.h">
      <Filter>Header Files\helpers</Filter>
    </ClInclude>
    <ClInclude Include="include\helpers\ease.h">
      <Filter>Header Files\helpers</Filter>
    </ClInclude>
    <ClInclude Include="include\helpers\helper.h">
      <Filter>Header Files\helpers</Filter>
    </ClInclude>
    <ClInclude Include="include\helpers\image.h">
      <Filter>Header Files\helpers</Filter>
    </ClInclude>
    <ClInclude Include="include\helpers\timer.h">
      <Filter>Header Files\helpers</Filter>
    </ClInclude>
    <ClInclude Include="include\imgui\imgui_impl_opengl3.h">
      <Filter>Header Files\imgui</Filter>
    </ClInclude>
    <ClInclude Include="include\imgui\imgui_impl_sdl.h">
      <Filter>Header Files\imgui</Filter>
    </ClInclude>
    <ClInclude Include="include\imgui\imgui.h">
      <Filter>Header Files\imgui</Filter>
    </ClInclude>
    <ClInclude Include="source\vegetation.h">
      <Filter>Header Files\world</Filter>
    </ClInclude>
    <ClInclude Include="source\water.h">
      <Filter>Header Files\world</Filter>
    </ClInclude>
    <ClInclude Include="source\world.h">
      <Filter>Header Files\world</Filter>
    </ClInclude>
  </ItemGroup>
  <ItemGroup>
    <ClCompile Include="include\imgui\imgui.cpp">
      <Filter>Source Files\imgui</Filter>
    </ClCompile>
    <ClCompile Include="include\imgui\imgui_demo.cpp">
      <Filter>Source Files\imgui</Filter>
    </ClCompile>
    <ClCompile Include="include\imgui\imgui_draw.cpp">
      <Filter>Source Files\imgui</Filter>
    </ClCompile>
    <ClCompile Include="include\imgui\imgui_impl_opengl3.cpp">
      <Filter>Source Files\imgui</Filter>
    </ClCompile>
    <ClCompile Include="include\imgui\imgui_impl_sdl.cpp">
      <Filter>Source Files\imgui</Filter>
    </ClCompile>
    <ClCompile Include="include\imgui\imgui_widgets.cpp">
      <Filter>Source Files\imgui</Filter>
    </ClCompile>
    <ClCompile Include="Hydrology.cpp">
      <Filter>Source Files</Filter>
    </ClCompile>
  </ItemGroup>
</Project>